
Microsoft Visual Studio Solution File, Format Version 12.00
# Visual Studio Version 16
VisualStudioVersion = 16.0.30907.101
MinimumVisualStudioVersion = 10.0.40219.1
Project("{9A19103F-16F7-4668-BE54-9A1E7A4F7556}") = "DataAccess", "DataAccess\DataAccess.csproj", "{82A24EBF-1D46-427B-87F8-C6E064E53354}"
EndProject
Project("{9A19103F-16F7-4668-BE54-9A1E7A4F7556}") = "Business", "Business\Business.csproj", "{64BFF65C-45C7-471F-866C-B90443C1B2E4}"
EndProject
Project("{9A19103F-16F7-4668-BE54-9A1E7A4F7556}") = "Entities", "Entities\Entities.csproj", "{D3D8F221-A7ED-40CA-9DAB-535D61334DF8}"
EndProject
Project("{9A19103F-16F7-4668-BE54-9A1E7A4F7556}") = "ConsoleUI", "ConsoleUI\ConsoleUI.csproj", "{2B252DAE-EFDB-484B-8CB0-AC9BEADFC61C}"
EndProject
Project("{FAE04EC0-301F-11D3-BF4B-00C04F79EFBC}") = "Core", "Core\Core.csproj", "{6FAB1645-3861-40E2-868B-E870F5690049}"
EndProject
Global
	GlobalSection(SolutionConfigurationPlatforms) = preSolution
		Debug|Any CPU = Debug|Any CPU
		Release|Any CPU = Release|Any CPU
	EndGlobalSection
	GlobalSection(ProjectConfigurationPlatforms) = postSolution
		{82A24EBF-1D46-427B-87F8-C6E064E53354}.Debug|Any CPU.ActiveCfg = Debug|Any CPU
		{82A24EBF-1D46-427B-87F8-C6E064E53354}.Debug|Any CPU.Build.0 = Debug|Any CPU
		{82A24EBF-1D46-427B-87F8-C6E064E53354}.Release|Any CPU.ActiveCfg = Release|Any CPU
		{82A24EBF-1D46-427B-87F8-C6E064E53354}.Release|Any CPU.Build.0 = Release|Any CPU
		{64BFF65C-45C7-471F-866C-B90443C1B2E4}.Debug|Any CPU.ActiveCfg = Debug|Any CPU
		{64BFF65C-45C7-471F-866C-B90443C1B2E4}.Debug|Any CPU.Build.0 = Debug|Any CPU
		{64BFF65C-45C7-471F-866C-B90443C1B2E4}.Release|Any CPU.ActiveCfg = Release|Any CPU
		{64BFF65C-45C7-471F-866C-B90443C1B2E4}.Release|Any CPU.Build.0 = Release|Any CPU
		{D3D8F221-A7ED-40CA-9DAB-535D61334DF8}.Debug|Any CPU.ActiveCfg = Debug|Any CPU
		{D3D8F221-A7ED-40CA-9DAB-535D61334DF8}.Debug|Any CPU.Build.0 = Debug|Any CPU
		{D3D8F221-A7ED-40CA-9DAB-535D61334DF8}.Release|Any CPU.ActiveCfg = Release|Any CPU
		{D3D8F221-A7ED-40CA-9DAB-535D61334DF8}.Release|Any CPU.Build.0 = Release|Any CPU
		{2B252DAE-EFDB-484B-8CB0-AC9BEADFC61C}.Debug|Any CPU.ActiveCfg = Debug|Any CPU
		{2B252DAE-EFDB-484B-8CB0-AC9BEADFC61C}.Debug|Any CPU.Build.0 = Debug|Any CPU
		{2B252DAE-EFDB-484B-8CB0-AC9BEADFC61C}.Release|Any CPU.ActiveCfg = Release|Any CPU
		{2B252DAE-EFDB-484B-8CB0-AC9BEADFC61C}.Release|Any CPU.Build.0 = Release|Any CPU
		{6FAB1645-3861-40E2-868B-E870F5690049}.Debug|Any CPU.ActiveCfg = Debug|Any CPU
		{6FAB1645-3861-40E2-868B-E870F5690049}.Debug|Any CPU.Build.0 = Debug|Any CPU
		{6FAB1645-3861-40E2-868B-E870F5690049}.Release|Any CPU.ActiveCfg = Release|Any CPU
		{6FAB1645-3861-40E2-868B-E870F5690049}.Release|Any CPU.Build.0 = Release|Any CPU
	EndGlobalSection
	GlobalSection(SolutionProperties) = preSolution
		HideSolutionNode = FALSE
	EndGlobalSection
	GlobalSection(ExtensibilityGlobals) = postSolution
		SolutionGuid = {48D68A7E-CB43-4121-B95F-C65B99D70522}
	EndGlobalSection
EndGlobal
